
Microsoft Visual Studio Solution File, Format Version 12.00
# Visual Studio Version 17
VisualStudioVersion = 17.10.35013.160
MinimumVisualStudioVersion = 10.0.40219.1
Project("{2150E333-8FDC-42A3-9474-1A3956D46DE8}") = "src", "src", "{437B5DB1-2414-4CD7-896C-ECA0A487EFA3}"
EndProject
Project("{2150E333-8FDC-42A3-9474-1A3956D46DE8}") = "Users", "Users", "{2968A160-B2FE-4B91-938A-23548F02F459}"
EndProject
Project("{9A19103F-16F7-4668-BE54-9A1E7A4F7556}") = "OBD.FileService.Users.Core", "src\Users\OBD.FileService.Users.Core\OBD.FileService.Users.Core.csproj", "{CE6FE24D-F74E-419E-894A-E9FF19EA3BF0}"
EndProject
Project("{9A19103F-16F7-4668-BE54-9A1E7A4F7556}") = "OBD.FileService.Users.UseCases", "src\Users\OBD.FileService.Users.UseCases\OBD.FileService.Users.UseCases.csproj", "{7ED42622-D182-481A-95EC-CB06AFD2121B}"
EndProject
Project("{9A19103F-16F7-4668-BE54-9A1E7A4F7556}") = "OBD.FileService.Service", "src\OBD.FileService.Service\OBD.FileService.Service.csproj", "{971566AE-E973-46FE-91DD-3B02275033D9}"
EndProject
Project("{9A19103F-16F7-4668-BE54-9A1E7A4F7556}") = "OBD.FileService.Files.Core", "src\Files\OBD.FileService.Files.Core\OBD.FileService.Files.Core.csproj", "{FDC89D42-6473-4E53-84D4-25988438F3EA}"
EndProject
Project("{2150E333-8FDC-42A3-9474-1A3956D46DE8}") = "Files", "Files", "{8792DFD9-C88F-4456-BA27-B40E6AAAC226}"
EndProject
Project("{9A19103F-16F7-4668-BE54-9A1E7A4F7556}") = "OBD.FileService.Files.Contracts", "src\Files\OBD.FileService.Files.Contracts\OBD.FileService.Files.Contracts.csproj", "{3B82C96F-5A03-4DD5-937F-F01A7A10F261}"
EndProject
Project("{9A19103F-16F7-4668-BE54-9A1E7A4F7556}") = "OBD.FileService.Files.Integration", "OBD.FileService.Files.Integration\OBD.FileService.Files.Integration.csproj", "{B7EF9EA2-EFFF-49B8-9C2B-53FE7F40E112}"
EndProject
Project("{9A19103F-16F7-4668-BE54-9A1E7A4F7556}") = "OBD.FileService.Files.UseCases", "OBD.FileService.Files.UseCases\OBD.FileService.Files.UseCases.csproj", "{4A8C9094-0CD8-4D0D-8C67-246423F7A448}"
EndProject
Project("{9A19103F-16F7-4668-BE54-9A1E7A4F7556}") = "OBD.FileService.Users.Intergration", "src\Users\OBD.FileService.Users.Intergration\OBD.FileService.Users.Intergration.csproj", "{0F2333C7-F1D9-4064-8920-BEC6C4A7143A}"
EndProject
Project("{9A19103F-16F7-4668-BE54-9A1E7A4F7556}") = "OBD.FileService.Users.Infrastructure", "src\Users\OBD.FileService.Users.Infrastructure\OBD.FileService.Users.Infrastructure.csproj", "{B008D2ED-09F0-4BB5-8D6E-5467BE2570A6}"
EndProject
Project("{9A19103F-16F7-4668-BE54-9A1E7A4F7556}") = "OBD.FileService.DataAccess", "src\OBD.FileService.DataAccess\OBD.FileService.DataAccess.csproj", "{5EAE48B0-68A4-424A-A8E6-A967A559C5E9}"
EndProject
Global
	GlobalSection(SolutionConfigurationPlatforms) = preSolution
		Debug|Any CPU = Debug|Any CPU
		Release|Any CPU = Release|Any CPU
	EndGlobalSection
	GlobalSection(ProjectConfigurationPlatforms) = postSolution
		{CE6FE24D-F74E-419E-894A-E9FF19EA3BF0}.Debug|Any CPU.ActiveCfg = Debug|Any CPU
		{CE6FE24D-F74E-419E-894A-E9FF19EA3BF0}.Debug|Any CPU.Build.0 = Debug|Any CPU
		{CE6FE24D-F74E-419E-894A-E9FF19EA3BF0}.Release|Any CPU.ActiveCfg = Release|Any CPU
		{CE6FE24D-F74E-419E-894A-E9FF19EA3BF0}.Release|Any CPU.Build.0 = Release|Any CPU
		{7ED42622-D182-481A-95EC-CB06AFD2121B}.Debug|Any CPU.ActiveCfg = Debug|Any CPU
		{7ED42622-D182-481A-95EC-CB06AFD2121B}.Debug|Any CPU.Build.0 = Debug|Any CPU
		{7ED42622-D182-481A-95EC-CB06AFD2121B}.Release|Any CPU.ActiveCfg = Release|Any CPU
		{7ED42622-D182-481A-95EC-CB06AFD2121B}.Release|Any CPU.Build.0 = Release|Any CPU
		{971566AE-E973-46FE-91DD-3B02275033D9}.Debug|Any CPU.ActiveCfg = Debug|Any CPU
		{971566AE-E973-46FE-91DD-3B02275033D9}.Debug|Any CPU.Build.0 = Debug|Any CPU
		{971566AE-E973-46FE-91DD-3B02275033D9}.Release|Any CPU.ActiveCfg = Release|Any CPU
		{971566AE-E973-46FE-91DD-3B02275033D9}.Release|Any CPU.Build.0 = Release|Any CPU
		{FDC89D42-6473-4E53-84D4-25988438F3EA}.Debug|Any CPU.ActiveCfg = Debug|Any CPU
		{FDC89D42-6473-4E53-84D4-25988438F3EA}.Debug|Any CPU.Build.0 = Debug|Any CPU
		{FDC89D42-6473-4E53-84D4-25988438F3EA}.Release|Any CPU.ActiveCfg = Release|Any CPU
		{FDC89D42-6473-4E53-84D4-25988438F3EA}.Release|Any CPU.Build.0 = Release|Any CPU
		{3B82C96F-5A03-4DD5-937F-F01A7A10F261}.Debug|Any CPU.ActiveCfg = Debug|Any CPU
		{3B82C96F-5A03-4DD5-937F-F01A7A10F261}.Debug|Any CPU.Build.0 = Debug|Any CPU
		{3B82C96F-5A03-4DD5-937F-F01A7A10F261}.Release|Any CPU.ActiveCfg = Release|Any CPU
		{3B82C96F-5A03-4DD5-937F-F01A7A10F261}.Release|Any CPU.Build.0 = Release|Any CPU
		{B7EF9EA2-EFFF-49B8-9C2B-53FE7F40E112}.Debug|Any CPU.ActiveCfg = Debug|Any CPU
		{B7EF9EA2-EFFF-49B8-9C2B-53FE7F40E112}.Debug|Any CPU.Build.0 = Debug|Any CPU
		{B7EF9EA2-EFFF-49B8-9C2B-53FE7F40E112}.Release|Any CPU.ActiveCfg = Release|Any CPU
		{B7EF9EA2-EFFF-49B8-9C2B-53FE7F40E112}.Release|Any CPU.Build.0 = Release|Any CPU
		{4A8C9094-0CD8-4D0D-8C67-246423F7A448}.Debug|Any CPU.ActiveCfg = Debug|Any CPU
		{4A8C9094-0CD8-4D0D-8C67-246423F7A448}.Debug|Any CPU.Build.0 = Debug|Any CPU
		{4A8C9094-0CD8-4D0D-8C67-246423F7A448}.Release|Any CPU.ActiveCfg = Release|Any CPU
		{4A8C9094-0CD8-4D0D-8C67-246423F7A448}.Release|Any CPU.Build.0 = Release|Any CPU
		{0F2333C7-F1D9-4064-8920-BEC6C4A7143A}.Debug|Any CPU.ActiveCfg = Debug|Any CPU
		{0F2333C7-F1D9-4064-8920-BEC6C4A7143A}.Debug|Any CPU.Build.0 = Debug|Any CPU
		{0F2333C7-F1D9-4064-8920-BEC6C4A7143A}.Release|Any CPU.ActiveCfg = Release|Any CPU
		{0F2333C7-F1D9-4064-8920-BEC6C4A7143A}.Release|Any CPU.Build.0 = Release|Any CPU
		{B008D2ED-09F0-4BB5-8D6E-5467BE2570A6}.Debug|Any CPU.ActiveCfg = Debug|Any CPU
		{B008D2ED-09F0-4BB5-8D6E-5467BE2570A6}.Debug|Any CPU.Build.0 = Debug|Any CPU
		{B008D2ED-09F0-4BB5-8D6E-5467BE2570A6}.Release|Any CPU.ActiveCfg = Release|Any CPU
		{B008D2ED-09F0-4BB5-8D6E-5467BE2570A6}.Release|Any CPU.Build.0 = Release|Any CPU
		{5EAE48B0-68A4-424A-A8E6-A967A559C5E9}.Debug|Any CPU.ActiveCfg = Debug|Any CPU
		{5EAE48B0-68A4-424A-A8E6-A967A559C5E9}.Debug|Any CPU.Build.0 = Debug|Any CPU
		{5EAE48B0-68A4-424A-A8E6-A967A559C5E9}.Release|Any CPU.ActiveCfg = Release|Any CPU
		{5EAE48B0-68A4-424A-A8E6-A967A559C5E9}.Release|Any CPU.Build.0 = Release|Any CPU
	EndGlobalSection
	GlobalSection(SolutionProperties) = preSolution
		HideSolutionNode = FALSE
	EndGlobalSection
	GlobalSection(NestedProjects) = preSolution
		{2968A160-B2FE-4B91-938A-23548F02F459} = {437B5DB1-2414-4CD7-896C-ECA0A487EFA3}
		{CE6FE24D-F74E-419E-894A-E9FF19EA3BF0} = {2968A160-B2FE-4B91-938A-23548F02F459}
		{7ED42622-D182-481A-95EC-CB06AFD2121B} = {2968A160-B2FE-4B91-938A-23548F02F459}
		{971566AE-E973-46FE-91DD-3B02275033D9} = {437B5DB1-2414-4CD7-896C-ECA0A487EFA3}
		{FDC89D42-6473-4E53-84D4-25988438F3EA} = {8792DFD9-C88F-4456-BA27-B40E6AAAC226}
		{8792DFD9-C88F-4456-BA27-B40E6AAAC226} = {437B5DB1-2414-4CD7-896C-ECA0A487EFA3}
		{3B82C96F-5A03-4DD5-937F-F01A7A10F261} = {8792DFD9-C88F-4456-BA27-B40E6AAAC226}
		{B7EF9EA2-EFFF-49B8-9C2B-53FE7F40E112} = {8792DFD9-C88F-4456-BA27-B40E6AAAC226}
		{4A8C9094-0CD8-4D0D-8C67-246423F7A448} = {8792DFD9-C88F-4456-BA27-B40E6AAAC226}
		{0F2333C7-F1D9-4064-8920-BEC6C4A7143A} = {2968A160-B2FE-4B91-938A-23548F02F459}
		{B008D2ED-09F0-4BB5-8D6E-5467BE2570A6} = {2968A160-B2FE-4B91-938A-23548F02F459}
		{5EAE48B0-68A4-424A-A8E6-A967A559C5E9} = {437B5DB1-2414-4CD7-896C-ECA0A487EFA3}
	EndGlobalSection
	GlobalSection(ExtensibilityGlobals) = postSolution
		SolutionGuid = {93E198F2-86EB-40E6-B769-BC944587C918}
	EndGlobalSection
EndGlobal
