
Microsoft Visual Studio Solution File, Format Version 12.00
# Visual Studio Version 17
VisualStudioVersion = 17.10.35013.160
MinimumVisualStudioVersion = 10.0.40219.1
Project("{2150E333-8FDC-42A3-9474-1A3956D46DE8}") = "src", "src", "{437B5DB1-2414-4CD7-896C-ECA0A487EFA3}"
EndProject
Project("{2150E333-8FDC-42A3-9474-1A3956D46DE8}") = "Users", "Users", "{6EFE6FDA-BA29-4B8C-A7DF-506B7880DF18}"
EndProject
Project("{9A19103F-16F7-4668-BE54-9A1E7A4F7556}") = "OBD.FileService.Users.Core", "src\Users\OBD.FileService.Users.Core\OBD.FileService.Users.Core.csproj", "{84A59C0C-AD1E-4F9F-AE13-3A6DF9E93275}"
EndProject
Project("{9A19103F-16F7-4668-BE54-9A1E7A4F7556}") = "OBD.FileService.Users.UseCases", "src\Users\OBD.FileService.Users.UseCases\OBD.FileService.Users.UseCases.csproj", "{82121BC0-7AF7-40D8-94A5-BFEEEEBBADFE}"
EndProject
Project("{9A19103F-16F7-4668-BE54-9A1E7A4F7556}") = "OBD.FileService.Users.Intergration", "src\Users\OBD.FileService.Users.Intergration\OBD.FileService.Users.Intergration.csproj", "{6591F502-3695-4E0B-B353-FA55B52FAEC5}"
EndProject
Project("{9A19103F-16F7-4668-BE54-9A1E7A4F7556}") = "OBD.FileService.Users.Infrastructure", "src\Users\OBD.FileService.Users.Infrastructure\OBD.FileService.Users.Infrastructure.csproj", "{A758029F-8FD2-42B4-8742-D45FBB4CD48F}"
EndProject
Project("{9A19103F-16F7-4668-BE54-9A1E7A4F7556}") = "OBD.FIleService.Service", "src\OBD.FIleService.Service\OBD.FIleService.Service.csproj", "{55B095EE-D31A-4E1D-9CB4-C5CCB61EE5AA}"
EndProject
Project("{9A19103F-16F7-4668-BE54-9A1E7A4F7556}") = "OBD.FileService.DataAccess", "src\OBD.FileService.DataAccess\OBD.FileService.DataAccess.csproj", "{4750DA64-A4E0-4167-B0C1-30B056CD9BA1}"
EndProject
Project("{2150E333-8FDC-42A3-9474-1A3956D46DE8}") = "Files", "Files", "{1DF38421-1552-4F39-8BB2-305D4D6D0094}"
EndProject
Project("{FAE04EC0-301F-11D3-BF4B-00C04F79EFBC}") = "OBD.FileService.Files.Core", "src\Files\OBD.FileService.Files.Core\OBD.FileService.Files.Core.csproj", "{452E76C0-BE29-41E2-B27C-133498F6DB7E}"
EndProject
Project("{FAE04EC0-301F-11D3-BF4B-00C04F79EFBC}") = "OBD.FileService.Files.UseCases", "OBD.FileService.Files.UseCases\OBD.FileService.Files.UseCases.csproj", "{05CDED34-27F2-42AF-A207-847DA996612E}"
EndProject
Project("{FAE04EC0-301F-11D3-BF4B-00C04F79EFBC}") = "OBD.FileService.Files.Integration", "OBD.FileService.Files.Integration\OBD.FileService.Files.Integration.csproj", "{42A04AEE-4546-41AE-842D-94007B55F38A}"
EndProject
Project("{FAE04EC0-301F-11D3-BF4B-00C04F79EFBC}") = "OBD.FileService.Files.Contracts", "src\Files\OBD.FileService.Files.Contracts\OBD.FileService.Files.Contracts.csproj", "{ED034E21-8333-4287-8B4F-E0942AB553FA}"
EndProject
Global
	GlobalSection(SolutionConfigurationPlatforms) = preSolution
		Debug|Any CPU = Debug|Any CPU
		Release|Any CPU = Release|Any CPU
	EndGlobalSection
	GlobalSection(ProjectConfigurationPlatforms) = postSolution
		{84A59C0C-AD1E-4F9F-AE13-3A6DF9E93275}.Debug|Any CPU.ActiveCfg = Debug|Any CPU
		{84A59C0C-AD1E-4F9F-AE13-3A6DF9E93275}.Debug|Any CPU.Build.0 = Debug|Any CPU
		{84A59C0C-AD1E-4F9F-AE13-3A6DF9E93275}.Release|Any CPU.ActiveCfg = Release|Any CPU
		{84A59C0C-AD1E-4F9F-AE13-3A6DF9E93275}.Release|Any CPU.Build.0 = Release|Any CPU
		{82121BC0-7AF7-40D8-94A5-BFEEEEBBADFE}.Debug|Any CPU.ActiveCfg = Debug|Any CPU
		{82121BC0-7AF7-40D8-94A5-BFEEEEBBADFE}.Debug|Any CPU.Build.0 = Debug|Any CPU
		{82121BC0-7AF7-40D8-94A5-BFEEEEBBADFE}.Release|Any CPU.ActiveCfg = Release|Any CPU
		{82121BC0-7AF7-40D8-94A5-BFEEEEBBADFE}.Release|Any CPU.Build.0 = Release|Any CPU
		{6591F502-3695-4E0B-B353-FA55B52FAEC5}.Debug|Any CPU.ActiveCfg = Debug|Any CPU
		{6591F502-3695-4E0B-B353-FA55B52FAEC5}.Debug|Any CPU.Build.0 = Debug|Any CPU
		{6591F502-3695-4E0B-B353-FA55B52FAEC5}.Release|Any CPU.ActiveCfg = Release|Any CPU
		{6591F502-3695-4E0B-B353-FA55B52FAEC5}.Release|Any CPU.Build.0 = Release|Any CPU
		{A758029F-8FD2-42B4-8742-D45FBB4CD48F}.Debug|Any CPU.ActiveCfg = Debug|Any CPU
		{A758029F-8FD2-42B4-8742-D45FBB4CD48F}.Debug|Any CPU.Build.0 = Debug|Any CPU
		{A758029F-8FD2-42B4-8742-D45FBB4CD48F}.Release|Any CPU.ActiveCfg = Release|Any CPU
		{A758029F-8FD2-42B4-8742-D45FBB4CD48F}.Release|Any CPU.Build.0 = Release|Any CPU
		{55B095EE-D31A-4E1D-9CB4-C5CCB61EE5AA}.Debug|Any CPU.ActiveCfg = Debug|Any CPU
		{55B095EE-D31A-4E1D-9CB4-C5CCB61EE5AA}.Debug|Any CPU.Build.0 = Debug|Any CPU
		{55B095EE-D31A-4E1D-9CB4-C5CCB61EE5AA}.Release|Any CPU.ActiveCfg = Release|Any CPU
		{55B095EE-D31A-4E1D-9CB4-C5CCB61EE5AA}.Release|Any CPU.Build.0 = Release|Any CPU
		{4750DA64-A4E0-4167-B0C1-30B056CD9BA1}.Debug|Any CPU.ActiveCfg = Debug|Any CPU
		{4750DA64-A4E0-4167-B0C1-30B056CD9BA1}.Debug|Any CPU.Build.0 = Debug|Any CPU
		{4750DA64-A4E0-4167-B0C1-30B056CD9BA1}.Release|Any CPU.ActiveCfg = Release|Any CPU
		{4750DA64-A4E0-4167-B0C1-30B056CD9BA1}.Release|Any CPU.Build.0 = Release|Any CPU
		{452E76C0-BE29-41E2-B27C-133498F6DB7E}.Debug|Any CPU.ActiveCfg = Debug|Any CPU
		{452E76C0-BE29-41E2-B27C-133498F6DB7E}.Debug|Any CPU.Build.0 = Debug|Any CPU
		{452E76C0-BE29-41E2-B27C-133498F6DB7E}.Release|Any CPU.ActiveCfg = Release|Any CPU
		{452E76C0-BE29-41E2-B27C-133498F6DB7E}.Release|Any CPU.Build.0 = Release|Any CPU
		{05CDED34-27F2-42AF-A207-847DA996612E}.Debug|Any CPU.ActiveCfg = Debug|Any CPU
		{05CDED34-27F2-42AF-A207-847DA996612E}.Debug|Any CPU.Build.0 = Debug|Any CPU
		{05CDED34-27F2-42AF-A207-847DA996612E}.Release|Any CPU.ActiveCfg = Release|Any CPU
		{05CDED34-27F2-42AF-A207-847DA996612E}.Release|Any CPU.Build.0 = Release|Any CPU
		{42A04AEE-4546-41AE-842D-94007B55F38A}.Debug|Any CPU.ActiveCfg = Debug|Any CPU
		{42A04AEE-4546-41AE-842D-94007B55F38A}.Debug|Any CPU.Build.0 = Debug|Any CPU
		{42A04AEE-4546-41AE-842D-94007B55F38A}.Release|Any CPU.ActiveCfg = Release|Any CPU
		{42A04AEE-4546-41AE-842D-94007B55F38A}.Release|Any CPU.Build.0 = Release|Any CPU
		{ED034E21-8333-4287-8B4F-E0942AB553FA}.Debug|Any CPU.ActiveCfg = Debug|Any CPU
		{ED034E21-8333-4287-8B4F-E0942AB553FA}.Debug|Any CPU.Build.0 = Debug|Any CPU
		{ED034E21-8333-4287-8B4F-E0942AB553FA}.Release|Any CPU.ActiveCfg = Release|Any CPU
		{ED034E21-8333-4287-8B4F-E0942AB553FA}.Release|Any CPU.Build.0 = Release|Any CPU
	EndGlobalSection
	GlobalSection(SolutionProperties) = preSolution
		HideSolutionNode = FALSE
	EndGlobalSection
	GlobalSection(NestedProjects) = preSolution
		{6EFE6FDA-BA29-4B8C-A7DF-506B7880DF18} = {437B5DB1-2414-4CD7-896C-ECA0A487EFA3}
		{84A59C0C-AD1E-4F9F-AE13-3A6DF9E93275} = {6EFE6FDA-BA29-4B8C-A7DF-506B7880DF18}
		{82121BC0-7AF7-40D8-94A5-BFEEEEBBADFE} = {6EFE6FDA-BA29-4B8C-A7DF-506B7880DF18}
		{6591F502-3695-4E0B-B353-FA55B52FAEC5} = {6EFE6FDA-BA29-4B8C-A7DF-506B7880DF18}
		{A758029F-8FD2-42B4-8742-D45FBB4CD48F} = {6EFE6FDA-BA29-4B8C-A7DF-506B7880DF18}
		{55B095EE-D31A-4E1D-9CB4-C5CCB61EE5AA} = {437B5DB1-2414-4CD7-896C-ECA0A487EFA3}
		{4750DA64-A4E0-4167-B0C1-30B056CD9BA1} = {437B5DB1-2414-4CD7-896C-ECA0A487EFA3}
		{1DF38421-1552-4F39-8BB2-305D4D6D0094} = {437B5DB1-2414-4CD7-896C-ECA0A487EFA3}
		{452E76C0-BE29-41E2-B27C-133498F6DB7E} = {1DF38421-1552-4F39-8BB2-305D4D6D0094}
		{05CDED34-27F2-42AF-A207-847DA996612E} = {1DF38421-1552-4F39-8BB2-305D4D6D0094}
		{42A04AEE-4546-41AE-842D-94007B55F38A} = {1DF38421-1552-4F39-8BB2-305D4D6D0094}
		{ED034E21-8333-4287-8B4F-E0942AB553FA} = {1DF38421-1552-4F39-8BB2-305D4D6D0094}
	EndGlobalSection
	GlobalSection(ExtensibilityGlobals) = postSolution
		SolutionGuid = {93E198F2-86EB-40E6-B769-BC944587C918}
	EndGlobalSection
EndGlobal
